
Microsoft Visual Studio Solution File, Format Version 12.00
Project("{2150E333-8FDC-42A3-9474-1A3956D46DE8}") = "SF", "SF", "{D0ECFE2C-4235-42D7-ACB9-16A67F2B8FA3}"
EndProject
Project("{FAE04EC0-301F-11D3-BF4B-00C04F79EFBC}") = "DI.Core", "DI.Core\DI.Core.csproj", "{C3CC4E17-55EA-4D58-AE36-A8D73581FB4A}"
EndProject
Project("{FAE04EC0-301F-11D3-BF4B-00C04F79EFBC}") = "SF.Core", "SF.Core\SF.Core.csproj", "{2A52D2EF-A2B6-456C-8973-55CB49A397D7}"
EndProject
Project("{FAE04EC0-301F-11D3-BF4B-00C04F79EFBC}") = "SF.Starter", "SF.Starter\SF.Starter.csproj", "{B013BB67-9068-4598-B127-2A9645F22D9F}"
EndProject
Project("{FAE04EC0-301F-11D3-BF4B-00C04F79EFBC}") = "SF.Domain", "SF.Domain\SF.Domain.csproj", "{A560B3BA-D9C0-4350-AC17-C3A97973E368}"
EndProject
Project("{FAE04EC0-301F-11D3-BF4B-00C04F79EFBC}") = "SF.Commands", "SF.Commands\SF.Commands.csproj", "{0A8A6BD2-D3DF-4583-85E4-356DE9544EBD}"
EndProject
Project("{FAE04EC0-301F-11D3-BF4B-00C04F79EFBC}") = "EventCollector", "EventCollector\EventCollector.csproj", "{A1D10452-49CB-45EF-A183-301D197BE7D7}"
EndProject
Global
	GlobalSection(SolutionConfigurationPlatforms) = preSolution
		Debug|Any CPU = Debug|Any CPU
		Release|Any CPU = Release|Any CPU
	EndGlobalSection
	GlobalSection(ProjectConfigurationPlatforms) = postSolution
		{C3CC4E17-55EA-4D58-AE36-A8D73581FB4A}.Debug|Any CPU.ActiveCfg = Debug|Any CPU
		{C3CC4E17-55EA-4D58-AE36-A8D73581FB4A}.Debug|Any CPU.Build.0 = Debug|Any CPU
		{C3CC4E17-55EA-4D58-AE36-A8D73581FB4A}.Release|Any CPU.ActiveCfg = Release|Any CPU
		{C3CC4E17-55EA-4D58-AE36-A8D73581FB4A}.Release|Any CPU.Build.0 = Release|Any CPU
		{2A52D2EF-A2B6-456C-8973-55CB49A397D7}.Debug|Any CPU.ActiveCfg = Debug|Any CPU
		{2A52D2EF-A2B6-456C-8973-55CB49A397D7}.Debug|Any CPU.Build.0 = Debug|Any CPU
		{2A52D2EF-A2B6-456C-8973-55CB49A397D7}.Release|Any CPU.ActiveCfg = Release|Any CPU
		{2A52D2EF-A2B6-456C-8973-55CB49A397D7}.Release|Any CPU.Build.0 = Release|Any CPU
		{B013BB67-9068-4598-B127-2A9645F22D9F}.Debug|Any CPU.ActiveCfg = Debug|Any CPU
		{B013BB67-9068-4598-B127-2A9645F22D9F}.Debug|Any CPU.Build.0 = Debug|Any CPU
		{B013BB67-9068-4598-B127-2A9645F22D9F}.Release|Any CPU.ActiveCfg = Release|Any CPU
		{B013BB67-9068-4598-B127-2A9645F22D9F}.Release|Any CPU.Build.0 = Release|Any CPU
		{A560B3BA-D9C0-4350-AC17-C3A97973E368}.Debug|Any CPU.ActiveCfg = Debug|Any CPU
		{A560B3BA-D9C0-4350-AC17-C3A97973E368}.Debug|Any CPU.Build.0 = Debug|Any CPU
		{A560B3BA-D9C0-4350-AC17-C3A97973E368}.Release|Any CPU.ActiveCfg = Release|Any CPU
		{A560B3BA-D9C0-4350-AC17-C3A97973E368}.Release|Any CPU.Build.0 = Release|Any CPU
		{0A8A6BD2-D3DF-4583-85E4-356DE9544EBD}.Debug|Any CPU.ActiveCfg = Debug|Any CPU
		{0A8A6BD2-D3DF-4583-85E4-356DE9544EBD}.Debug|Any CPU.Build.0 = Debug|Any CPU
		{0A8A6BD2-D3DF-4583-85E4-356DE9544EBD}.Release|Any CPU.ActiveCfg = Release|Any CPU
		{0A8A6BD2-D3DF-4583-85E4-356DE9544EBD}.Release|Any CPU.Build.0 = Release|Any CPU
		{A1D10452-49CB-45EF-A183-301D197BE7D7}.Debug|Any CPU.ActiveCfg = Debug|Any CPU
		{A1D10452-49CB-45EF-A183-301D197BE7D7}.Debug|Any CPU.Build.0 = Debug|Any CPU
		{A1D10452-49CB-45EF-A183-301D197BE7D7}.Release|Any CPU.ActiveCfg = Release|Any CPU
		{A1D10452-49CB-45EF-A183-301D197BE7D7}.Release|Any CPU.Build.0 = Release|Any CPU
	EndGlobalSection
	GlobalSection(NestedProjects) = preSolution
		{C3CC4E17-55EA-4D58-AE36-A8D73581FB4A} = {D0ECFE2C-4235-42D7-ACB9-16A67F2B8FA3}
		{2A52D2EF-A2B6-456C-8973-55CB49A397D7} = {D0ECFE2C-4235-42D7-ACB9-16A67F2B8FA3}
		{B013BB67-9068-4598-B127-2A9645F22D9F} = {D0ECFE2C-4235-42D7-ACB9-16A67F2B8FA3}
		{A560B3BA-D9C0-4350-AC17-C3A97973E368} = {D0ECFE2C-4235-42D7-ACB9-16A67F2B8FA3}
		{0A8A6BD2-D3DF-4583-85E4-356DE9544EBD} = {D0ECFE2C-4235-42D7-ACB9-16A67F2B8FA3}
		{A1D10452-49CB-45EF-A183-301D197BE7D7} = {D0ECFE2C-4235-42D7-ACB9-16A67F2B8FA3}
	EndGlobalSection
EndGlobal
